
Microsoft Visual Studio Solution File, Format Version 12.00
# Visual Studio 14
VisualStudioVersion = 14.0.25420.1
MinimumVisualStudioVersion = 10.0.40219.1
Project("{FAE04EC0-301F-11D3-BF4B-00C04F79EFBC}") = "CustomListProject", "Custom-List project\CustomListProject.csproj", "{D69B076C-B7DD-48FF-BDCC-5B85398379D9}"
EndProject
Project("{FAE04EC0-301F-11D3-BF4B-00C04F79EFBC}") = "UnitTest", "UnitTest\UnitTest.csproj", "{D6381BDE-B109-43E3-8CB5-F67CE90DD8A9}"
EndProject
Global
	GlobalSection(SolutionConfigurationPlatforms) = preSolution
		Debug|Any CPU = Debug|Any CPU
		Release|Any CPU = Release|Any CPU
	EndGlobalSection
	GlobalSection(ProjectConfigurationPlatforms) = postSolution
		{D69B076C-B7DD-48FF-BDCC-5B85398379D9}.Debug|Any CPU.ActiveCfg = Debug|Any CPU
		{D69B076C-B7DD-48FF-BDCC-5B85398379D9}.Debug|Any CPU.Build.0 = Debug|Any CPU
		{D69B076C-B7DD-48FF-BDCC-5B85398379D9}.Release|Any CPU.ActiveCfg = Release|Any CPU
		{D69B076C-B7DD-48FF-BDCC-5B85398379D9}.Release|Any CPU.Build.0 = Release|Any CPU
		{D6381BDE-B109-43E3-8CB5-F67CE90DD8A9}.Debug|Any CPU.ActiveCfg = Debug|Any CPU
		{D6381BDE-B109-43E3-8CB5-F67CE90DD8A9}.Debug|Any CPU.Build.0 = Debug|Any CPU
		{D6381BDE-B109-43E3-8CB5-F67CE90DD8A9}.Release|Any CPU.ActiveCfg = Release|Any CPU
		{D6381BDE-B109-43E3-8CB5-F67CE90DD8A9}.Release|Any CPU.Build.0 = Release|Any CPU
	EndGlobalSection
	GlobalSection(SolutionProperties) = preSolution
		HideSolutionNode = FALSE
	EndGlobalSection
EndGlobal
